// !$*UTF8*$!
{
	archiveVersion = 1;
	classes = {
	};
	objectVersion = 46;
	objects = {

/* Begin PBXBuildFile section */
		8FD5E0AE1918AA3B0077D6D3 /* IGGitHubIdenticon.m in Sources */ = {isa = PBXBuildFile; fileRef = 8FD5E0AD1918AA3B0077D6D3 /* IGGitHubIdenticon.m */; };
		8FE666A817ABB04100EFE536 /* UIKit.framework in Frameworks */ = {isa = PBXBuildFile; fileRef = 8FE666A717ABB04100EFE536 /* UIKit.framework */; };
		8FE666AA17ABB04100EFE536 /* Foundation.framework in Frameworks */ = {isa = PBXBuildFile; fileRef = 8FE666A917ABB04100EFE536 /* Foundation.framework */; };
		8FE666AC17ABB04100EFE536 /* CoreGraphics.framework in Frameworks */ = {isa = PBXBuildFile; fileRef = 8FE666AB17ABB04100EFE536 /* CoreGraphics.framework */; };
		8FE666B217ABB04100EFE536 /* InfoPlist.strings in Resources */ = {isa = PBXBuildFile; fileRef = 8FE666B017ABB04100EFE536 /* InfoPlist.strings */; };
		8FE666B417ABB04100EFE536 /* main.m in Sources */ = {isa = PBXBuildFile; fileRef = 8FE666B317ABB04100EFE536 /* main.m */; };
		8FE666B817ABB04100EFE536 /* IGAppDelegate.m in Sources */ = {isa = PBXBuildFile; fileRef = 8FE666B717ABB04100EFE536 /* IGAppDelegate.m */; };
		8FE666BA17ABB04100EFE536 /* Default.png in Resources */ = {isa = PBXBuildFile; fileRef = 8FE666B917ABB04100EFE536 /* Default.png */; };
		8FE666BC17ABB04100EFE536 /* Default@2x.png in Resources */ = {isa = PBXBuildFile; fileRef = 8FE666BB17ABB04100EFE536 /* Default@2x.png */; };
		8FE666BE17ABB04100EFE536 /* Default-568h@2x.png in Resources */ = {isa = PBXBuildFile; fileRef = 8FE666BD17ABB04100EFE536 /* Default-568h@2x.png */; };
		8FE666D017ABB0B000EFE536 /* IGViewController.m in Sources */ = {isa = PBXBuildFile; fileRef = 8FE666CF17ABB0B000EFE536 /* IGViewController.m */; };
		8FE666D617ABBA2700EFE536 /* IGViewController.xib in Resources */ = {isa = PBXBuildFile; fileRef = 8FE666D517ABBA2700EFE536 /* IGViewController.xib */; };
		8FE6670817ABC06700EFE536 /* IGIdenticon.m in Sources */ = {isa = PBXBuildFile; fileRef = 8FE6670717ABC06700EFE536 /* IGIdenticon.m */; };
/* End PBXBuildFile section */

/* Begin PBXFileReference section */
		8FD5E0AC1918AA3B0077D6D3 /* IGGitHubIdenticon.h */ = {isa = PBXFileReference; fileEncoding = 4; lastKnownFileType = sourcecode.c.h; name = IGGitHubIdenticon.h; path = ../IGIdenticon/IGGitHubIdenticon.h; sourceTree = "<group>"; };
		8FD5E0AD1918AA3B0077D6D3 /* IGGitHubIdenticon.m */ = {isa = PBXFileReference; fileEncoding = 4; lastKnownFileType = sourcecode.c.objc; name = IGGitHubIdenticon.m; path = ../IGIdenticon/IGGitHubIdenticon.m; sourceTree = "<group>"; };
		8FE666A417ABB04100EFE536 /* IGIdenticonExample.app */ = {isa = PBXFileReference; explicitFileType = wrapper.application; includeInIndex = 0; path = IGIdenticonExample.app; sourceTree = BUILT_PRODUCTS_DIR; };
		8FE666A717ABB04100EFE536 /* UIKit.framework */ = {isa = PBXFileReference; lastKnownFileType = wrapper.framework; name = UIKit.framework; path = System/Library/Frameworks/UIKit.framework; sourceTree = SDKROOT; };
		8FE666A917ABB04100EFE536 /* Foundation.framework */ = {isa = PBXFileReference; lastKnownFileType = wrapper.framework; name = Foundation.framework; path = System/Library/Frameworks/Foundation.framework; sourceTree = SDKROOT; };
		8FE666AB17ABB04100EFE536 /* CoreGraphics.framework */ = {isa = PBXFileReference; lastKnownFileType = wrapper.framework; name = CoreGraphics.framework; path = System/Library/Frameworks/CoreGraphics.framework; sourceTree = SDKROOT; };
		8FE666AF17ABB04100EFE536 /* IGIdenticonExample-Info.plist */ = {isa = PBXFileReference; lastKnownFileType = text.plist.xml; path = "IGIdenticonExample-Info.plist"; sourceTree = "<group>"; };
		8FE666B117ABB04100EFE536 /* en */ = {isa = PBXFileReference; lastKnownFileType = text.plist.strings; name = en; path = en.lproj/InfoPlist.strings; sourceTree = "<group>"; };
		8FE666B317ABB04100EFE536 /* main.m */ = {isa = PBXFileReference; lastKnownFileType = sourcecode.c.objc; path = main.m; sourceTree = "<group>"; };
		8FE666B517ABB04100EFE536 /* IGIdenticonExample-Prefix.pch */ = {isa = PBXFileReference; lastKnownFileType = sourcecode.c.h; path = "IGIdenticonExample-Prefix.pch"; sourceTree = "<group>"; };
		8FE666B617ABB04100EFE536 /* IGAppDelegate.h */ = {isa = PBXFileReference; lastKnownFileType = sourcecode.c.h; path = IGAppDelegate.h; sourceTree = "<group>"; };
		8FE666B717ABB04100EFE536 /* IGAppDelegate.m */ = {isa = PBXFileReference; lastKnownFileType = sourcecode.c.objc; path = IGAppDelegate.m; sourceTree = "<group>"; };
		8FE666B917ABB04100EFE536 /* Default.png */ = {isa = PBXFileReference; lastKnownFileType = image.png; path = Default.png; sourceTree = "<group>"; };
		8FE666BB17ABB04100EFE536 /* Default@2x.png */ = {isa = PBXFileReference; lastKnownFileType = image.png; path = "Default@2x.png"; sourceTree = "<group>"; };
		8FE666BD17ABB04100EFE536 /* Default-568h@2x.png */ = {isa = PBXFileReference; lastKnownFileType = image.png; path = "Default-568h@2x.png"; sourceTree = "<group>"; };
		8FE666CE17ABB0B000EFE536 /* IGViewController.h */ = {isa = PBXFileReference; fileEncoding = 4; lastKnownFileType = sourcecode.c.h; path = IGViewController.h; sourceTree = "<group>"; };
		8FE666CF17ABB0B000EFE536 /* IGViewController.m */ = {isa = PBXFileReference; fileEncoding = 4; lastKnownFileType = sourcecode.c.objc; path = IGViewController.m; sourceTree = "<group>"; };
		8FE666D517ABBA2700EFE536 /* IGViewController.xib */ = {isa = PBXFileReference; fileEncoding = 4; lastKnownFileType = file.xib; path = IGViewController.xib; sourceTree = "<group>"; };
		8FE6670617ABC06700EFE536 /* IGIdenticon.h */ = {isa = PBXFileReference; fileEncoding = 4; lastKnownFileType = sourcecode.c.h; name = IGIdenticon.h; path = ../IGIdenticon/IGIdenticon.h; sourceTree = "<group>"; };
		8FE6670717ABC06700EFE536 /* IGIdenticon.m */ = {isa = PBXFileReference; fileEncoding = 4; lastKnownFileType = sourcecode.c.objc; name = IGIdenticon.m; path = ../IGIdenticon/IGIdenticon.m; sourceTree = "<group>"; };
/* End PBXFileReference section */

/* Begin PBXFrameworksBuildPhase section */
		8FE666A117ABB04100EFE536 /* Frameworks */ = {
			isa = PBXFrameworksBuildPhase;
			buildActionMask = 2147483647;
			files = (
				8FE666A817ABB04100EFE536 /* UIKit.framework in Frameworks */,
				8FE666AA17ABB04100EFE536 /* Foundation.framework in Frameworks */,
				8FE666AC17ABB04100EFE536 /* CoreGraphics.framework in Frameworks */,
			);
			runOnlyForDeploymentPostprocessing = 0;
		};
/* End PBXFrameworksBuildPhase section */

/* Begin PBXGroup section */
		8FE6669B17ABB04100EFE536 = {
			isa = PBXGroup;
			children = (
				8FE666CA17ABB04B00EFE536 /* IGIdenticon */,
				8FE666AD17ABB04100EFE536 /* IGIdenticonExample */,
				8FE666A617ABB04100EFE536 /* Frameworks */,
				8FE666A517ABB04100EFE536 /* Products */,
			);
			sourceTree = "<group>";
		};
		8FE666A517ABB04100EFE536 /* Products */ = {
			isa = PBXGroup;
			children = (
				8FE666A417ABB04100EFE536 /* IGIdenticonExample.app */,
			);
			name = Products;
			sourceTree = "<group>";
		};
		8FE666A617ABB04100EFE536 /* Frameworks */ = {
			isa = PBXGroup;
			children = (
				8FE666A717ABB04100EFE536 /* UIKit.framework */,
				8FE666A917ABB04100EFE536 /* Foundation.framework */,
				8FE666AB17ABB04100EFE536 /* CoreGraphics.framework */,
			);
			name = Frameworks;
			sourceTree = "<group>";
		};
		8FE666AD17ABB04100EFE536 /* IGIdenticonExample */ = {
			isa = PBXGroup;
			children = (
				8FE666B617ABB04100EFE536 /* IGAppDelegate.h */,
				8FE666B717ABB04100EFE536 /* IGAppDelegate.m */,
				8FE666CE17ABB0B000EFE536 /* IGViewController.h */,
				8FE666CF17ABB0B000EFE536 /* IGViewController.m */,
				8FE666D517ABBA2700EFE536 /* IGViewController.xib */,
				8FE666AE17ABB04100EFE536 /* Supporting Files */,
			);
			path = IGIdenticonExample;
			sourceTree = "<group>";
		};
		8FE666AE17ABB04100EFE536 /* Supporting Files */ = {
			isa = PBXGroup;
			children = (
				8FE666AF17ABB04100EFE536 /* IGIdenticonExample-Info.plist */,
				8FE666B017ABB04100EFE536 /* InfoPlist.strings */,
				8FE666B317ABB04100EFE536 /* main.m */,
				8FE666B517ABB04100EFE536 /* IGIdenticonExample-Prefix.pch */,
				8FE666B917ABB04100EFE536 /* Default.png */,
				8FE666BB17ABB04100EFE536 /* Default@2x.png */,
				8FE666BD17ABB04100EFE536 /* Default-568h@2x.png */,
			);
			name = "Supporting Files";
			sourceTree = "<group>";
		};
		8FE666CA17ABB04B00EFE536 /* IGIdenticon */ = {
			isa = PBXGroup;
			children = (
				8FE6670617ABC06700EFE536 /* IGIdenticon.h */,
				8FE6670717ABC06700EFE536 /* IGIdenticon.m */,
				8FD5E0AC1918AA3B0077D6D3 /* IGGitHubIdenticon.h */,
				8FD5E0AD1918AA3B0077D6D3 /* IGGitHubIdenticon.m */,
			);
			name = IGIdenticon;
			sourceTree = "<group>";
		};
/* End PBXGroup section */

/* Begin PBXNativeTarget section */
		8FE666A317ABB04100EFE536 /* IGIdenticonExample */ = {
			isa = PBXNativeTarget;
			buildConfigurationList = 8FE666C717ABB04100EFE536 /* Build configuration list for PBXNativeTarget "IGIdenticonExample" */;
			buildPhases = (
				8FE666A017ABB04100EFE536 /* Sources */,
				8FE666A117ABB04100EFE536 /* Frameworks */,
				8FE666A217ABB04100EFE536 /* Resources */,
			);
			buildRules = (
			);
			dependencies = (
			);
			name = IGIdenticonExample;
			productName = IGIdenticonExample;
			productReference = 8FE666A417ABB04100EFE536 /* IGIdenticonExample.app */;
			productType = "com.apple.product-type.application";
		};
/* End PBXNativeTarget section */

/* Begin PBXProject section */
		8FE6669C17ABB04100EFE536 /* Project object */ = {
			isa = PBXProject;
			attributes = {
				CLASSPREFIX = IG;
				LastUpgradeCheck = 0460;
				ORGANIZATIONNAME = "Evgeniy Yurtaev";
			};
			buildConfigurationList = 8FE6669F17ABB04100EFE536 /* Build configuration list for PBXProject "IGIdenticonExample" */;
			compatibilityVersion = "Xcode 3.2";
			developmentRegion = English;
			hasScannedForEncodings = 0;
			knownRegions = (
				en,
			);
			mainGroup = 8FE6669B17ABB04100EFE536;
			productRefGroup = 8FE666A517ABB04100EFE536 /* Products */;
			projectDirPath = "";
			projectRoot = "";
			targets = (
				8FE666A317ABB04100EFE536 /* IGIdenticonExample */,
			);
		};
/* End PBXProject section */

/* Begin PBXResourcesBuildPhase section */
		8FE666A217ABB04100EFE536 /* Resources */ = {
			isa = PBXResourcesBuildPhase;
			buildActionMask = 2147483647;
			files = (
				8FE666B217ABB04100EFE536 /* InfoPlist.strings in Resources */,
				8FE666BA17ABB04100EFE536 /* Default.png in Resources */,
				8FE666BC17ABB04100EFE536 /* Default@2x.png in Resources */,
				8FE666BE17ABB04100EFE536 /* Default-568h@2x.png in Resources */,
				8FE666D617ABBA2700EFE536 /* IGViewController.xib in Resources */,
			);
			runOnlyForDeploymentPostprocessing = 0;
		};
/* End PBXResourcesBuildPhase section */

/* Begin PBXSourcesBuildPhase section */
		8FE666A017ABB04100EFE536 /* Sources */ = {
			isa = PBXSourcesBuildPhase;
			buildActionMask = 2147483647;
			files = (
				8FE666B417ABB04100EFE536 /* main.m in Sources */,
				8FD5E0AE1918AA3B0077D6D3 /* IGGitHubIdenticon.m in Sources */,
				8FE666B817ABB04100EFE536 /* IGAppDelegate.m in Sources */,
				8FE666D017ABB0B000EFE536 /* IGViewController.m in Sources */,
				8FE6670817ABC06700EFE536 /* IGIdenticon.m in Sources */,
			);
			runOnlyForDeploymentPostprocessing = 0;
		};
/* End PBXSourcesBuildPhase section */

/* Begin PBXVariantGroup section */
		8FE666B017ABB04100EFE536 /* InfoPlist.strings */ = {
			isa = PBXVariantGroup;
			children = (
				8FE666B117ABB04100EFE536 /* en */,
			);
			name = InfoPlist.strings;
			sourceTree = "<group>";
		};
/* End PBXVariantGroup section */

/* Begin XCBuildConfiguration section */
		8FE666C517ABB04100EFE536 /* Debug */ = {
			isa = XCBuildConfiguration;
			buildSettings = {
				ALWAYS_SEARCH_USER_PATHS = NO;
				CLANG_CXX_LANGUAGE_STANDARD = "gnu++0x";
				CLANG_CXX_LIBRARY = "libc++";
				CLANG_ENABLE_OBJC_ARC = YES;
				CLANG_WARN_CONSTANT_CONVERSION = YES;
				CLANG_WARN_EMPTY_BODY = YES;
				CLANG_WARN_ENUM_CONVERSION = YES;
				CLANG_WARN_INT_CONVERSION = YES;
				CLANG_WARN__DUPLICATE_METHOD_MATCH = YES;
				"CODE_SIGN_IDENTITY[sdk=iphoneos*]" = "iPhone Developer";
				COPY_PHASE_STRIP = NO;
				GCC_C_LANGUAGE_STANDARD = gnu99;
				GCC_DYNAMIC_NO_PIC = NO;
				GCC_OPTIMIZATION_LEVEL = 0;
				GCC_PREPROCESSOR_DEFINITIONS = (
					"DEBUG=1",
					"$(inherited)",
				);
				GCC_SYMBOLS_PRIVATE_EXTERN = NO;
				GCC_WARN_ABOUT_RETURN_TYPE = YES;
				GCC_WARN_UNINITIALIZED_AUTOS = YES;
				GCC_WARN_UNUSED_VARIABLE = YES;
				IPHONEOS_DEPLOYMENT_TARGET = 5.0;
				ONLY_ACTIVE_ARCH = YES;
				SDKROOT = iphoneos;
			};
			name = Debug;
		};
		8FE666C617ABB04100EFE536 /* Release */ = {
			isa = XCBuildConfiguration;
			buildSettings = {
				ALWAYS_SEARCH_USER_PATHS = NO;
				CLANG_CXX_LANGUAGE_STANDARD = "gnu++0x";
				CLANG_CXX_LIBRARY = "libc++";
				CLANG_ENABLE_OBJC_ARC = YES;
				CLANG_WARN_CONSTANT_CONVERSION = YES;
				CLANG_WARN_EMPTY_BODY = YES;
				CLANG_WARN_ENUM_CONVERSION = YES;
				CLANG_WARN_INT_CONVERSION = YES;
				CLANG_WARN__DUPLICATE_METHOD_MATCH = YES;
				"CODE_SIGN_IDENTITY[sdk=iphoneos*]" = "iPhone Developer";
				COPY_PHASE_STRIP = YES;
				GCC_C_LANGUAGE_STANDARD = gnu99;
				GCC_WARN_ABOUT_RETURN_TYPE = YES;
				GCC_WARN_UNINITIALIZED_AUTOS = YES;
				GCC_WARN_UNUSED_VARIABLE = YES;
				IPHONEOS_DEPLOYMENT_TARGET = 5.0;
				OTHER_CFLAGS = "-DNS_BLOCK_ASSERTIONS=1";
				SDKROOT = iphoneos;
				VALIDATE_PRODUCT = YES;
			};
			name = Release;
		};
		8FE666C817ABB04100EFE536 /* Debug */ = {
			isa = XCBuildConfiguration;
			buildSettings = {
				CODE_SIGN_IDENTITY = "";
				"CODE_SIGN_IDENTITY[sdk=iphoneos*]" = "";
				GCC_PRECOMPILE_PREFIX_HEADER = YES;
				GCC_PREFIX_HEADER = "IGIdenticonExample/IGIdenticonExample-Prefix.pch";
				INFOPLIST_FILE = "IGIdenticonExample/IGIdenticonExample-Info.plist";
				IPHONEOS_DEPLOYMENT_TARGET = 5.0;
				PRODUCT_NAME = "$(TARGET_NAME)";
				WRAPPER_EXTENSION = app;
			};
			name = Debug;
		};
		8FE666C917ABB04100EFE536 /* Release */ = {
			isa = XCBuildConfiguration;
			buildSettings = {
				CODE_SIGN_IDENTITY = "";
				"CODE_SIGN_IDENTITY[sdk=iphoneos*]" = "";
				GCC_PRECOMPILE_PREFIX_HEADER = YES;
				GCC_PREFIX_HEADER = "IGIdenticonExample/IGIdenticonExample-Prefix.pch";
				INFOPLIST_FILE = "IGIdenticonExample/IGIdenticonExample-Info.plist";
				IPHONEOS_DEPLOYMENT_TARGET = 5.0;
				PRODUCT_NAME = "$(TARGET_NAME)";
				WRAPPER_EXTENSION = app;
			};
			name = Release;
		};
/* End XCBuildConfiguration section */

/* Begin XCConfigurationList section */
		8FE6669F17ABB04100EFE536 /* Build configuration list for PBXProject "IGIdenticonExample" */ = {
			isa = XCConfigurationList;
			buildConfigurations = (
				8FE666C517ABB04100EFE536 /* Debug */,
				8FE666C617ABB04100EFE536 /* Release */,
			);
			defaultConfigurationIsVisible = 0;
			defaultConfigurationName = Release;
		};
		8FE666C717ABB04100EFE536 /* Build configuration list for PBXNativeTarget "IGIdenticonExample" */ = {
			isa = XCConfigurationList;
			buildConfigurations = (
				8FE666C817ABB04100EFE536 /* Debug */,
				8FE666C917ABB04100EFE536 /* Release */,
			);
			defaultConfigurationIsVisible = 0;
			defaultConfigurationName = Release;
		};
/* End XCConfigurationList section */
	};
	rootObject = 8FE6669C17ABB04100EFE536 /* Project object */;
}
